
Microsoft Visual Studio Solution File, Format Version 12.00
# Visual Studio Version 17
VisualStudioVersion = 17.11.35327.3
MinimumVisualStudioVersion = 10.0.40219.1
Project("{9A19103F-16F7-4668-BE54-9A1E7A4F7556}") = "Redington.ProbabilityCalculator.Api", "Redington.ProbabilityCalculator.Api\Redington.ProbabilityCalculator.Api.csproj", "{CC4F6F5A-A5C9-4FCE-AAD9-B64856A4629F}"
EndProject
Project("{FAE04EC0-301F-11D3-BF4B-00C04F79EFBC}") = "Redington.ProbabilityCalculator.Tests", "Redington.ProbabilityCalculator.Tests\Redington.ProbabilityCalculator.Tests.csproj", "{628A2CD9-41C8-42E0-955C-E287D78B4B06}"
EndProject
Global
	GlobalSection(SolutionConfigurationPlatforms) = preSolution
		Debug|Any CPU = Debug|Any CPU
		Release|Any CPU = Release|Any CPU
	EndGlobalSection
	GlobalSection(ProjectConfigurationPlatforms) = postSolution
		{CC4F6F5A-A5C9-4FCE-AAD9-B64856A4629F}.Debug|Any CPU.ActiveCfg = Debug|Any CPU
		{CC4F6F5A-A5C9-4FCE-AAD9-B64856A4629F}.Debug|Any CPU.Build.0 = Debug|Any CPU
		{CC4F6F5A-A5C9-4FCE-AAD9-B64856A4629F}.Release|Any CPU.ActiveCfg = Release|Any CPU
		{CC4F6F5A-A5C9-4FCE-AAD9-B64856A4629F}.Release|Any CPU.Build.0 = Release|Any CPU
		{628A2CD9-41C8-42E0-955C-E287D78B4B06}.Debug|Any CPU.ActiveCfg = Debug|Any CPU
		{628A2CD9-41C8-42E0-955C-E287D78B4B06}.Debug|Any CPU.Build.0 = Debug|Any CPU
		{628A2CD9-41C8-42E0-955C-E287D78B4B06}.Release|Any CPU.ActiveCfg = Release|Any CPU
		{628A2CD9-41C8-42E0-955C-E287D78B4B06}.Release|Any CPU.Build.0 = Release|Any CPU
	EndGlobalSection
	GlobalSection(SolutionProperties) = preSolution
		HideSolutionNode = FALSE
	EndGlobalSection
	GlobalSection(ExtensibilityGlobals) = postSolution
		SolutionGuid = {9D5A903B-C4BB-4482-BE5A-A91CAC23F19D}
	EndGlobalSection
EndGlobal
